
Microsoft Visual Studio Solution File, Format Version 12.00
# Visual Studio Version 16
VisualStudioVersion = 16.0.31025.194
MinimumVisualStudioVersion = 10.0.40219.1
Project("{888888A0-9F3D-457C-B088-3A5042F75D52}") = "PRY_ReconocimientoFacial", "PRY_ReconocimientoFacial\PRY_ReconocimientoFacial.pyproj", "{969FD063-CDC8-41C5-98C1-73AD4A61A8AC}"
EndProject
Global
	GlobalSection(SolutionConfigurationPlatforms) = preSolution
		Debug|Any CPU = Debug|Any CPU
		Release|Any CPU = Release|Any CPU
	EndGlobalSection
	GlobalSection(ProjectConfigurationPlatforms) = postSolution
		{969FD063-CDC8-41C5-98C1-73AD4A61A8AC}.Debug|Any CPU.ActiveCfg = Debug|Any CPU
		{969FD063-CDC8-41C5-98C1-73AD4A61A8AC}.Release|Any CPU.ActiveCfg = Release|Any CPU
	EndGlobalSection
	GlobalSection(SolutionProperties) = preSolution
		HideSolutionNode = FALSE
	EndGlobalSection
	GlobalSection(ExtensibilityGlobals) = postSolution
		SolutionGuid = {449FE9C1-ED2F-4A6F-8CFD-1BA8A98A41FB}
	EndGlobalSection
EndGlobal
